
Microsoft Visual Studio Solution File, Format Version 12.00
# Visual Studio Version 17
VisualStudioVersion = 17.3.32922.545
MinimumVisualStudioVersion = 10.0.40219.1
Project("{FAE04EC0-301F-11D3-BF4B-00C04F79EFBC}") = "HotelListing.Api", "HotelListing.Api\HotelListing.Api.csproj", "{0B0A2B00-A1A6-4B9A-85DB-0870F1FE809C}"
EndProject
Global
	GlobalSection(SolutionConfigurationPlatforms) = preSolution
		Debug|Any CPU = Debug|Any CPU
		Release|Any CPU = Release|Any CPU
	EndGlobalSection
	GlobalSection(ProjectConfigurationPlatforms) = postSolution
		{0B0A2B00-A1A6-4B9A-85DB-0870F1FE809C}.Debug|Any CPU.ActiveCfg = Debug|Any CPU
		{0B0A2B00-A1A6-4B9A-85DB-0870F1FE809C}.Debug|Any CPU.Build.0 = Debug|Any CPU
		{0B0A2B00-A1A6-4B9A-85DB-0870F1FE809C}.Release|Any CPU.ActiveCfg = Release|Any CPU
		{0B0A2B00-A1A6-4B9A-85DB-0870F1FE809C}.Release|Any CPU.Build.0 = Release|Any CPU
	EndGlobalSection
	GlobalSection(SolutionProperties) = preSolution
		HideSolutionNode = FALSE
	EndGlobalSection
	GlobalSection(ExtensibilityGlobals) = postSolution
		SolutionGuid = {D58EC250-1409-42E3-A993-5F2EAA62EEDA}
	EndGlobalSection
EndGlobal
